
Microsoft Visual Studio Solution File, Format Version 12.00
# Visual Studio Version 16
VisualStudioVersion = 16.0.29411.108
MinimumVisualStudioVersion = 10.0.40219.1
Project("{9A19103F-16F7-4668-BE54-9A1E7A4F7556}") = "YiGuanCSharepSDK", "YiGuanCSharepSDK\YiGuanCSharepSDK.csproj", "{4115B523-5C89-4C6F-A17E-722F5EA4FD56}"
EndProject
Project("{FAE04EC0-301F-11D3-BF4B-00C04F79EFBC}") = "WindowsFormsApp1", "WindowsFormsApp1\WindowsFormsApp1.csproj", "{012E47B4-8BD2-4094-9C48-7AD159891C98}"
EndProject
Global
	GlobalSection(SolutionConfigurationPlatforms) = preSolution
		Debug|Any CPU = Debug|Any CPU
		Release|Any CPU = Release|Any CPU
	EndGlobalSection
	GlobalSection(ProjectConfigurationPlatforms) = postSolution
		{4115B523-5C89-4C6F-A17E-722F5EA4FD56}.Debug|Any CPU.ActiveCfg = Debug|Any CPU
		{4115B523-5C89-4C6F-A17E-722F5EA4FD56}.Debug|Any CPU.Build.0 = Debug|Any CPU
		{4115B523-5C89-4C6F-A17E-722F5EA4FD56}.Release|Any CPU.ActiveCfg = Release|Any CPU
		{4115B523-5C89-4C6F-A17E-722F5EA4FD56}.Release|Any CPU.Build.0 = Release|Any CPU
		{012E47B4-8BD2-4094-9C48-7AD159891C98}.Debug|Any CPU.ActiveCfg = Debug|Any CPU
		{012E47B4-8BD2-4094-9C48-7AD159891C98}.Debug|Any CPU.Build.0 = Debug|Any CPU
		{012E47B4-8BD2-4094-9C48-7AD159891C98}.Release|Any CPU.ActiveCfg = Release|Any CPU
		{012E47B4-8BD2-4094-9C48-7AD159891C98}.Release|Any CPU.Build.0 = Release|Any CPU
	EndGlobalSection
	GlobalSection(SolutionProperties) = preSolution
		HideSolutionNode = FALSE
	EndGlobalSection
	GlobalSection(ExtensibilityGlobals) = postSolution
		SolutionGuid = {3922D867-3A26-45ED-AE9B-BE91DAAA2505}
	EndGlobalSection
EndGlobal
